version = 1
revision = 3
requires-python = ">=3.12"

[[package]]
name = "coincurve"
version = "21.0.0"
source = { registry = "https://pypi.org/simple" }
sdist = { url = "https://files.pythonhosted.org/packages/6f/a2/f2a38eb05b747ed3e54e1be33be339d4a14c1f5cc6a6e2b342b5e8160d51/coincurve-21.0.0.tar.gz", hash = "sha256:8b37ce4265a82bebf0e796e21a769e56fdbf8420411ccbe3fafee4ed75b6a6e5", size = 128986, upload-time = "2025-03-08T15:31:24.266Z" }
wheels = [
    { url = "https://files.pythonhosted.org/packages/f3/61/a2d9e109f99b6f5e65e653ac998b0944c5b82c568ac142fcbb381a4803be/coincurve-21.0.0-cp312-cp312-macosx_10_13_x86_64.whl", hash = "sha256:f60ad56113f08e8c540bb89f4f35f44d434311433195ffff22893ccfa335070c", size = 1391948, upload-time = "2025-03-08T15:30:32.899Z" },
    { url = "https://files.pythonhosted.org/packages/24/5a/2da75ee00a722ef1fa068ada3bc34c564595ead86fef573434e2f0cb0a5c/coincurve-21.0.0-cp312-cp312-macosx_11_0_arm64.whl", hash = "sha256:1cb1cd19fb0be22e68ecb60ad950b41f18b9b02eebeffaac9391dc31f74f08f2", size = 1384958, upload-time = "2025-03-08T15:30:34.705Z" },
    { url = "https://files.pythonhosted.org/packages/dc/50/6bf0bf7e8a9a9dd419ecc1e479dcb9fbfe657029276ad703806a25a2bef2/coincurve-21.0.0-cp312-cp312-manylinux_2_12_i686.manylinux2010_i686.manylinux_2_17_i686.manylinux2014_i686.whl", hash = "sha256:05d7e255a697b3475d7ae7640d3bdef3d5bc98ce9ce08dd387f780696606c33b", size = 1606576, upload-time = "2025-03-08T15:30:36.796Z" },
    { url = "https://files.pythonhosted.org/packages/bd/ab/9e89908fdd09ad522938085587aaa821b022f4def16c286c5580cfc85811/coincurve-21.0.0-cp312-cp312-manylinux_2_17_aarch64.manylinux2014_aarch64.whl", hash = "sha256:5a366c314df7217e3357bb8c7d2cda540b0bce180705f7a0ce2d1d9e28f62ad4", size = 1613642, upload-time = "2025-03-08T15:30:38.416Z" },
    { url = "https://files.pythonhosted.org/packages/b7/75/050b6fd08978de85a7b480f0f220ab6a30967c0910119f3096a8dd40befc/coincurve-21.0.0-cp312-cp312-manylinux_2_17_x86_64.manylinux2014_x86_64.whl", hash = "sha256:1b04778b75339c6e46deb9ae3bcfc2250fbe48d1324153e4310fc4996e135715", size = 1616974, upload-time = "2025-03-08T15:30:39.939Z" },
    { url = "https://files.pythonhosted.org/packages/d7/62/2740ba0cafebf45708633635fecadcbe582d7a3ed1ce8b4637921feceaf8/coincurve-21.0.0-cp312-cp312-musllinux_1_2_aarch64.whl", hash = "sha256:8efcbdcd50cc219989a2662e6c6552f455efc000a15dd6ab3ebf4f9b187f41a3", size = 1644133, upload-time = "2025-03-08T15:30:41.733Z" },
    { url = "https://files.pythonhosted.org/packages/94/14/1f27c3048c4084fa85ef65f42a4ca631f2b184336e6d9446fecec20e0a7f/coincurve-21.0.0-cp312-cp312-musllinux_1_2_i686.whl", hash = "sha256:6df44b4e3b7acdc1453ade52a52e3f8a5b53ecdd5a06bd200f1ec4b4e250f7d9", size = 1619918, upload-time = "2025-03-08T15:30:43.284Z" },
    { url = "https://files.pythonhosted.org/packages/ca/22/7ec3ec4c8e7764daa25767d6674cb5741ea2d9b39ff758e9918d22a4b49b/coincurve-21.0.0-cp312-cp312-musllinux_1_2_x86_64.whl", hash = "sha256:bcc0831f07cb75b91c35c13b1362e7b9dc76c376b27d01ff577bec52005e22a8", size = 1645797, upload-time = "2025-03-08T15:30:44.974Z" },
    { url = "https://files.pythonhosted.org/packages/fb/60/87982b7499943ab12605df7b14f6001fff331aca0881b260682461e2309d/coincurve-21.0.0-cp312-cp312-win_amd64.whl", hash = "sha256:5dd7b66b83b143f3ad3861a68fc0279167a0bae44fe3931547400b7a200e90b1", size = 1329255, upload-time = "2025-03-08T15:30:46.4Z" },
    { url = "https://files.pythonhosted.org/packages/62/c0/65b60b371579570931daca8a3f67debfc1482908b8ed03432297274a27da/coincurve-21.0.0-cp312-cp312-win_arm64.whl", hash = "sha256:78dbe439e8cb22389956a4f2f2312813b4bd0531a0b691d4f8e868c7b366555d", size = 1325973, upload-time = "2025-03-08T15:30:48.056Z" },
    { url = "https://files.pythonhosted.org/packages/b3/40/cce55adaec37a588eb24b67da8eb68926546458e12ed2c4c2a21deb93d4c/coincurve-21.0.0-cp313-cp313-macosx_10_13_x86_64.whl", hash = "sha256:9df5ceb5de603b9caf270629996710cf5ed1d43346887bc3895a11258644b65b", size = 1391762, upload-time = "2025-03-08T15:30:49.586Z" },
    { url = "https://files.pythonhosted.org/packages/ca/7a/628a30281d246ce98aea56592e0c8e79b03a93ee8b85d688db3388130c2d/coincurve-21.0.0-cp313-cp313-macosx_11_0_arm64.whl", hash = "sha256:154467858d23c48f9e5ab380433bc2625027b50617400e2984cc16f5799ab601", size = 1384921, upload-time = "2025-03-08T15:30:51.103Z" },
    { url = "https://files.pythonhosted.org/packages/61/cc/719c5da31e6ba07e438abcf962f7a365eb69a06a0621ca4f2a484f344e09/coincurve-21.0.0-cp313-cp313-manylinux_2_12_i686.manylinux2010_i686.manylinux_2_17_i686.manylinux2014_i686.whl", hash = "sha256:f57f07c44d14d939bed289cdeaba4acb986bba9f729a796b6a341eab1661eedc", size = 1606559, upload-time = "2025-03-08T15:30:53.218Z" },
    { url = "https://files.pythonhosted.org/packages/b2/ee/dd14237013d732e7fc3248c0c33a1d36b88b5378dfa3e624a50a23fb6f19/coincurve-21.0.0-cp313-cp313-manylinux_2_17_aarch64.manylinux2014_aarch64.whl", hash = "sha256:3fb03e3a388a93d31ed56a442bdec7983ea404490e21e12af76fb1dbf097082a", size = 1613684, upload-time = "2025-03-08T15:30:55.087Z" },
    { url = "https://files.pythonhosted.org/packages/f0/05/eaa7f36a03376ced1c19e0cb563341cc83fe48f5734b2effe8f16d0ee0ab/coincurve-21.0.0-cp313-cp313-manylinux_2_17_x86_64.manylinux2014_x86_64.whl", hash = "sha256:d09ba4fd9d26b00b06645fcd768c5ad44832a1fa847ebe8fb44970d3204c3cb7", size = 1617001, upload-time = "2025-03-08T15:30:57.036Z" },
    { url = "https://files.pythonhosted.org/packages/39/32/fc75f1dd914ac95eb2704425c7ca1a9f509f982e15d05e0ca895b9e6ea9c/coincurve-21.0.0-cp313-cp313-musllinux_1_2_aarch64.whl", hash = "sha256:1a1e7ee73bc1b3bcf14c7b0d1f44e6485785d3b53ef7b16173c36d3cefa57f93", size = 1643924, upload-time = "2025-03-08T15:30:58.737Z" },
    { url = "https://files.pythonhosted.org/packages/1a/4b/8c6e65b5755e26fc02077803879747615c1c327047328d1784bccb4ff4c3/coincurve-21.0.0-cp313-cp313-musllinux_1_2_i686.whl", hash = "sha256:ad05952b6edc593a874df61f1bc79db99d716ec48ba4302d699e14a419fe6f51", size = 1619964, upload-time = "2025-03-08T15:31:00.275Z" },
    { url = "https://files.pythonhosted.org/packages/64/bc/d0a743305ff9fa26e72b4c77b534d5958ec8030b3772555a7172a0c134e5/coincurve-21.0.0-cp313-cp313-musllinux_1_2_x86_64.whl", hash = "sha256:4d2bf350ced38b73db9efa1ff8fd16a67a1cb35abb2dda50d89661b531f03fd3", size = 1645526, upload-time = "2025-03-08T15:31:01.952Z" },
    { url = "https://files.pythonhosted.org/packages/9d/44/ab082e2dc8c9a45774f1bb9961f58b43c0882b866f5c469ead932d45a35d/coincurve-21.0.0-cp313-cp313-win_amd64.whl", hash = "sha256:54d9500c56d5499375e579c3917472ffcf804c3584dd79052a79974280985c74", size = 1329285, upload-time = "2025-03-08T15:31:03.591Z" },
    { url = "https://files.pythonhosted.org/packages/f3/94/407f6fc811310f15b1fc7255f436f6a9040854213beeb10093f56b5b7fd3/coincurve-21.0.0-cp313-cp313-win_arm64.whl", hash = "sha256:773917f075ec4b94a7a742637d303a3a082616a115c36568eb6c873a8d950d18", size = 1326027, upload-time = "2025-03-08T15:31:05.318Z" },
]

[[package]]
name = "mightfall"
version = "0.1.0"
source = { virtual = "." }
dependencies = [
    { name = "coincurve" },
]

[package.metadata]
requires-dist = [{ name = "coincurve", specifier = ">=21.0.0" }]
